// !$*UTF8*$!
{
	archiveVersion = 1;
	classes = {
	};
	objectVersion = 46;
	objects = {

/* Begin PBXBuildFile section */
		7C3C850B1F664816006760BD /* SoundboardViewController.swift in Sources */ = {isa = PBXBuildFile; fileRef = 7C3C850A1F664816006760BD /* SoundboardViewController.swift */; };
		7C3C85101F664DDB006760BD /* Danya1.mp3 in Resources */ = {isa = PBXBuildFile; fileRef = 7C3C850F1F664DDB006760BD /* Danya1.mp3 */; };
		7C3C85171F66511B006760BD /* Danya2.mp3 in Resources */ = {isa = PBXBuildFile; fileRef = 7C3C85121F66511B006760BD /* Danya2.mp3 */; };
		7C3C85181F66511B006760BD /* Danya3.mp3 in Resources */ = {isa = PBXBuildFile; fileRef = 7C3C85131F66511B006760BD /* Danya3.mp3 */; };
		7C3C85191F66511B006760BD /* Danya4.mp3 in Resources */ = {isa = PBXBuildFile; fileRef = 7C3C85141F66511B006760BD /* Danya4.mp3 */; };
		7C3C851A1F66511B006760BD /* Danya5.mp3 in Resources */ = {isa = PBXBuildFile; fileRef = 7C3C85151F66511B006760BD /* Danya5.mp3 */; };
		7C3C851B1F66511B006760BD /* Danya6.mp3 in Resources */ = {isa = PBXBuildFile; fileRef = 7C3C85161F66511B006760BD /* Danya6.mp3 */; };
		7C3C851D1F6B7AFF006760BD /* CustomTitleLabel.swift in Sources */ = {isa = PBXBuildFile; fileRef = 7C3C851C1F6B7AFF006760BD /* CustomTitleLabel.swift */; };
		7C3C85291F6B8FB8006760BD /* Danya8.mp3 in Resources */ = {isa = PBXBuildFile; fileRef = 7C3C85281F6B8FB8006760BD /* Danya8.mp3 */; };
		7C3C852B1F6B9015006760BD /* Danya7.mp3 in Resources */ = {isa = PBXBuildFile; fileRef = 7C3C852A1F6B9015006760BD /* Danya7.mp3 */; };
		7C3C852D1F6B96D7006760BD /* DanyaMadnessViewController.swift in Sources */ = {isa = PBXBuildFile; fileRef = 7C3C852C1F6B96D7006760BD /* DanyaMadnessViewController.swift */; };
		7C3C852F1F6BB860006760BD /* Danya9.mp3 in Resources */ = {isa = PBXBuildFile; fileRef = 7C3C852E1F6BB860006760BD /* Danya9.mp3 */; };
		7CCADDA61F634C5F00B1B7E2 /* AppDelegate.swift in Sources */ = {isa = PBXBuildFile; fileRef = 7CCADDA51F634C5F00B1B7E2 /* AppDelegate.swift */; };
		7CCADDA81F634C5F00B1B7E2 /* ViewController.swift in Sources */ = {isa = PBXBuildFile; fileRef = 7CCADDA71F634C5F00B1B7E2 /* ViewController.swift */; };
		7CCADDAB1F634C5F00B1B7E2 /* Main.storyboard in Resources */ = {isa = PBXBuildFile; fileRef = 7CCADDA91F634C5F00B1B7E2 /* Main.storyboard */; };
		7CCADDAD1F634C5F00B1B7E2 /* Assets.xcassets in Resources */ = {isa = PBXBuildFile; fileRef = 7CCADDAC1F634C5F00B1B7E2 /* Assets.xcassets */; };
		7CCADDB01F634C5F00B1B7E2 /* LaunchScreen.storyboard in Resources */ = {isa = PBXBuildFile; fileRef = 7CCADDAE1F634C5F00B1B7E2 /* LaunchScreen.storyboard */; };
		7CCADDB81F63544400B1B7E2 /* RecordSoundsViewController.swift in Sources */ = {isa = PBXBuildFile; fileRef = 7CCADDB71F63544400B1B7E2 /* RecordSoundsViewController.swift */; };
		7CCADDBA1F63550300B1B7E2 /* RecordedAudio.swift in Sources */ = {isa = PBXBuildFile; fileRef = 7CCADDB91F63550300B1B7E2 /* RecordedAudio.swift */; };
		7CCADDBC1F63586900B1B7E2 /* PlaySoundsViewController.swift in Sources */ = {isa = PBXBuildFile; fileRef = 7CCADDBB1F63586900B1B7E2 /* PlaySoundsViewController.swift */; };
/* End PBXBuildFile section */

/* Begin PBXFileReference section */
		7C3C850A1F664816006760BD /* SoundboardViewController.swift */ = {isa = PBXFileReference; fileEncoding = 4; lastKnownFileType = sourcecode.swift; path = SoundboardViewController.swift; sourceTree = "<group>"; };
		7C3C850F1F664DDB006760BD /* Danya1.mp3 */ = {isa = PBXFileReference; lastKnownFileType = audio.mp3; path = Danya1.mp3; sourceTree = "<group>"; };
		7C3C85121F66511B006760BD /* Danya2.mp3 */ = {isa = PBXFileReference; lastKnownFileType = audio.mp3; path = Danya2.mp3; sourceTree = "<group>"; };
		7C3C85131F66511B006760BD /* Danya3.mp3 */ = {isa = PBXFileReference; lastKnownFileType = audio.mp3; path = Danya3.mp3; sourceTree = "<group>"; };
		7C3C85141F66511B006760BD /* Danya4.mp3 */ = {isa = PBXFileReference; lastKnownFileType = audio.mp3; path = Danya4.mp3; sourceTree = "<group>"; };
		7C3C85151F66511B006760BD /* Danya5.mp3 */ = {isa = PBXFileReference; lastKnownFileType = audio.mp3; path = Danya5.mp3; sourceTree = "<group>"; };
		7C3C85161F66511B006760BD /* Danya6.mp3 */ = {isa = PBXFileReference; lastKnownFileType = audio.mp3; path = Danya6.mp3; sourceTree = "<group>"; };
		7C3C851C1F6B7AFF006760BD /* CustomTitleLabel.swift */ = {isa = PBXFileReference; fileEncoding = 4; lastKnownFileType = sourcecode.swift; path = CustomTitleLabel.swift; sourceTree = "<group>"; };
		7C3C85281F6B8FB8006760BD /* Danya8.mp3 */ = {isa = PBXFileReference; lastKnownFileType = audio.mp3; path = Danya8.mp3; sourceTree = "<group>"; };
		7C3C852A1F6B9015006760BD /* Danya7.mp3 */ = {isa = PBXFileReference; lastKnownFileType = audio.mp3; path = Danya7.mp3; sourceTree = "<group>"; };
		7C3C852C1F6B96D7006760BD /* DanyaMadnessViewController.swift */ = {isa = PBXFileReference; fileEncoding = 4; lastKnownFileType = sourcecode.swift; path = DanyaMadnessViewController.swift; sourceTree = "<group>"; };
		7C3C852E1F6BB860006760BD /* Danya9.mp3 */ = {isa = PBXFileReference; lastKnownFileType = audio.mp3; path = Danya9.mp3; sourceTree = "<group>"; };
		7CCADDA21F634C5F00B1B7E2 /* The Danya App.app */ = {isa = PBXFileReference; explicitFileType = wrapper.application; includeInIndex = 0; path = "The Danya App.app"; sourceTree = BUILT_PRODUCTS_DIR; };
		7CCADDA51F634C5F00B1B7E2 /* AppDelegate.swift */ = {isa = PBXFileReference; lastKnownFileType = sourcecode.swift; path = AppDelegate.swift; sourceTree = "<group>"; };
		7CCADDA71F634C5F00B1B7E2 /* ViewController.swift */ = {isa = PBXFileReference; lastKnownFileType = sourcecode.swift; path = ViewController.swift; sourceTree = "<group>"; };
		7CCADDAA1F634C5F00B1B7E2 /* Base */ = {isa = PBXFileReference; lastKnownFileType = file.storyboard; name = Base; path = Base.lproj/Main.storyboard; sourceTree = "<group>"; };
		7CCADDAC1F634C5F00B1B7E2 /* Assets.xcassets */ = {isa = PBXFileReference; lastKnownFileType = folder.assetcatalog; path = Assets.xcassets; sourceTree = "<group>"; };
		7CCADDAF1F634C5F00B1B7E2 /* Base */ = {isa = PBXFileReference; lastKnownFileType = file.storyboard; name = Base; path = Base.lproj/LaunchScreen.storyboard; sourceTree = "<group>"; };
		7CCADDB11F634C5F00B1B7E2 /* Info.plist */ = {isa = PBXFileReference; lastKnownFileType = text.plist.xml; path = Info.plist; sourceTree = "<group>"; };
		7CCADDB71F63544400B1B7E2 /* RecordSoundsViewController.swift */ = {isa = PBXFileReference; fileEncoding = 4; lastKnownFileType = sourcecode.swift; path = RecordSoundsViewController.swift; sourceTree = "<group>"; };
		7CCADDB91F63550300B1B7E2 /* RecordedAudio.swift */ = {isa = PBXFileReference; fileEncoding = 4; lastKnownFileType = sourcecode.swift; path = RecordedAudio.swift; sourceTree = "<group>"; };
		7CCADDBB1F63586900B1B7E2 /* PlaySoundsViewController.swift */ = {isa = PBXFileReference; fileEncoding = 4; lastKnownFileType = sourcecode.swift; path = PlaySoundsViewController.swift; sourceTree = "<group>"; };
/* End PBXFileReference section */

/* Begin PBXFrameworksBuildPhase section */
		7CCADD9F1F634C5F00B1B7E2 /* Frameworks */ = {
			isa = PBXFrameworksBuildPhase;
			buildActionMask = 2147483647;
			files = (
			);
			runOnlyForDeploymentPostprocessing = 0;
		};
/* End PBXFrameworksBuildPhase section */

/* Begin PBXGroup section */
		7C3C85111F664E20006760BD /* Sound clips */ = {
			isa = PBXGroup;
			children = (
				7C3C850F1F664DDB006760BD /* Danya1.mp3 */,
				7C3C85121F66511B006760BD /* Danya2.mp3 */,
				7C3C85131F66511B006760BD /* Danya3.mp3 */,
				7C3C85141F66511B006760BD /* Danya4.mp3 */,
				7C3C85151F66511B006760BD /* Danya5.mp3 */,
				7C3C85161F66511B006760BD /* Danya6.mp3 */,
				7C3C852A1F6B9015006760BD /* Danya7.mp3 */,
				7C3C85281F6B8FB8006760BD /* Danya8.mp3 */,
				7C3C852E1F6BB860006760BD /* Danya9.mp3 */,
			);
			name = "Sound clips";
			sourceTree = "<group>";
		};
		7CCADD991F634C5E00B1B7E2 = {
			isa = PBXGroup;
			children = (
				7CCADDA41F634C5F00B1B7E2 /* The Danya App */,
				7CCADDA31F634C5F00B1B7E2 /* Products */,
			);
			sourceTree = "<group>";
		};
		7CCADDA31F634C5F00B1B7E2 /* Products */ = {
			isa = PBXGroup;
			children = (
				7CCADDA21F634C5F00B1B7E2 /* The Danya App.app */,
			);
			name = Products;
			sourceTree = "<group>";
		};
		7CCADDA41F634C5F00B1B7E2 /* The Danya App */ = {
			isa = PBXGroup;
			children = (
				7CCADDA51F634C5F00B1B7E2 /* AppDelegate.swift */,
				7CCADDB71F63544400B1B7E2 /* RecordSoundsViewController.swift */,
				7CCADDBB1F63586900B1B7E2 /* PlaySoundsViewController.swift */,
				7CCADDB91F63550300B1B7E2 /* RecordedAudio.swift */,
				7CCADDA71F634C5F00B1B7E2 /* ViewController.swift */,
				7CCADDA91F634C5F00B1B7E2 /* Main.storyboard */,
				7C3C852C1F6B96D7006760BD /* DanyaMadnessViewController.swift */,
				7C3C850A1F664816006760BD /* SoundboardViewController.swift */,
				7C3C851C1F6B7AFF006760BD /* CustomTitleLabel.swift */,
				7C3C85111F664E20006760BD /* Sound clips */,
				7CCADDAC1F634C5F00B1B7E2 /* Assets.xcassets */,
				7CCADDAE1F634C5F00B1B7E2 /* LaunchScreen.storyboard */,
				7CCADDB11F634C5F00B1B7E2 /* Info.plist */,
			);
			path = "The Danya App";
			sourceTree = "<group>";
		};
/* End PBXGroup section */

/* Begin PBXNativeTarget section */
		7CCADDA11F634C5F00B1B7E2 /* The Danya App */ = {
			isa = PBXNativeTarget;
			buildConfigurationList = 7CCADDB41F634C5F00B1B7E2 /* Build configuration list for PBXNativeTarget "The Danya App" */;
			buildPhases = (
				7CCADD9E1F634C5F00B1B7E2 /* Sources */,
				7CCADD9F1F634C5F00B1B7E2 /* Frameworks */,
				7CCADDA01F634C5F00B1B7E2 /* Resources */,
			);
			buildRules = (
			);
			dependencies = (
			);
			name = "The Danya App";
			productName = "The Danya App";
			productReference = 7CCADDA21F634C5F00B1B7E2 /* The Danya App.app */;
			productType = "com.apple.product-type.application";
		};
/* End PBXNativeTarget section */

/* Begin PBXProject section */
		7CCADD9A1F634C5E00B1B7E2 /* Project object */ = {
			isa = PBXProject;
			attributes = {
				LastSwiftUpdateCheck = 0830;
				LastUpgradeCheck = 0830;
				ORGANIZATIONNAME = "Gershy Lev";
				TargetAttributes = {
					7CCADDA11F634C5F00B1B7E2 = {
						CreatedOnToolsVersion = 8.3.3;
						DevelopmentTeam = ZBWTNC9BAL;
						ProvisioningStyle = Automatic;
					};
				};
			};
			buildConfigurationList = 7CCADD9D1F634C5E00B1B7E2 /* Build configuration list for PBXProject "The Danya App" */;
			compatibilityVersion = "Xcode 3.2";
			developmentRegion = English;
			hasScannedForEncodings = 0;
			knownRegions = (
				en,
				Base,
			);
			mainGroup = 7CCADD991F634C5E00B1B7E2;
			productRefGroup = 7CCADDA31F634C5F00B1B7E2 /* Products */;
			projectDirPath = "";
			projectRoot = "";
			targets = (
				7CCADDA11F634C5F00B1B7E2 /* The Danya App */,
			);
		};
/* End PBXProject section */

/* Begin PBXResourcesBuildPhase section */
		7CCADDA01F634C5F00B1B7E2 /* Resources */ = {
			isa = PBXResourcesBuildPhase;
			buildActionMask = 2147483647;
			files = (
				7C3C85291F6B8FB8006760BD /* Danya8.mp3 in Resources */,
				7CCADDB01F634C5F00B1B7E2 /* LaunchScreen.storyboard in Resources */,
				7C3C85191F66511B006760BD /* Danya4.mp3 in Resources */,
				7C3C852F1F6BB860006760BD /* Danya9.mp3 in Resources */,
				7C3C851A1F66511B006760BD /* Danya5.mp3 in Resources */,
				7C3C852B1F6B9015006760BD /* Danya7.mp3 in Resources */,
				7CCADDAD1F634C5F00B1B7E2 /* Assets.xcassets in Resources */,
				7C3C85171F66511B006760BD /* Danya2.mp3 in Resources */,
				7C3C85101F664DDB006760BD /* Danya1.mp3 in Resources */,
				7C3C85181F66511B006760BD /* Danya3.mp3 in Resources */,
				7C3C851B1F66511B006760BD /* Danya6.mp3 in Resources */,
				7CCADDAB1F634C5F00B1B7E2 /* Main.storyboard in Resources */,
			);
			runOnlyForDeploymentPostprocessing = 0;
		};
/* End PBXResourcesBuildPhase section */

/* Begin PBXSourcesBuildPhase section */
		7CCADD9E1F634C5F00B1B7E2 /* Sources */ = {
			isa = PBXSourcesBuildPhase;
			buildActionMask = 2147483647;
			files = (
				7CCADDBA1F63550300B1B7E2 /* RecordedAudio.swift in Sources */,
				7CCADDB81F63544400B1B7E2 /* RecordSoundsViewController.swift in Sources */,
				7C3C850B1F664816006760BD /* SoundboardViewController.swift in Sources */,
				7CCADDA81F634C5F00B1B7E2 /* ViewController.swift in Sources */,
				7CCADDBC1F63586900B1B7E2 /* PlaySoundsViewController.swift in Sources */,
				7C3C851D1F6B7AFF006760BD /* CustomTitleLabel.swift in Sources */,
				7C3C852D1F6B96D7006760BD /* DanyaMadnessViewController.swift in Sources */,
				7CCADDA61F634C5F00B1B7E2 /* AppDelegate.swift in Sources */,
			);
			runOnlyForDeploymentPostprocessing = 0;
		};
/* End PBXSourcesBuildPhase section */

/* Begin PBXVariantGroup section */
		7CCADDA91F634C5F00B1B7E2 /* Main.storyboard */ = {
			isa = PBXVariantGroup;
			children = (
				7CCADDAA1F634C5F00B1B7E2 /* Base */,
			);
			name = Main.storyboard;
			sourceTree = "<group>";
		};
		7CCADDAE1F634C5F00B1B7E2 /* LaunchScreen.storyboard */ = {
			isa = PBXVariantGroup;
			children = (
				7CCADDAF1F634C5F00B1B7E2 /* Base */,
			);
			name = LaunchScreen.storyboard;
			sourceTree = "<group>";
		};
/* End PBXVariantGroup section */

/* Begin XCBuildConfiguration section */
		7CCADDB21F634C5F00B1B7E2 /* Debug */ = {
			isa = XCBuildConfiguration;
			buildSettings = {
				ALWAYS_SEARCH_USER_PATHS = NO;
				CLANG_ANALYZER_NONNULL = YES;
				CLANG_ANALYZER_NUMBER_OBJECT_CONVERSION = YES_AGGRESSIVE;
				CLANG_CXX_LANGUAGE_STANDARD = "gnu++0x";
				CLANG_CXX_LIBRARY = "libc++";
				CLANG_ENABLE_MODULES = YES;
				CLANG_ENABLE_OBJC_ARC = YES;
				CLANG_WARN_BOOL_CONVERSION = YES;
				CLANG_WARN_CONSTANT_CONVERSION = YES;
				CLANG_WARN_DIRECT_OBJC_ISA_USAGE = YES_ERROR;
				CLANG_WARN_DOCUMENTATION_COMMENTS = YES;
				CLANG_WARN_EMPTY_BODY = YES;
				CLANG_WARN_ENUM_CONVERSION = YES;
				CLANG_WARN_INFINITE_RECURSION = YES;
				CLANG_WARN_INT_CONVERSION = YES;
				CLANG_WARN_OBJC_ROOT_CLASS = YES_ERROR;
				CLANG_WARN_SUSPICIOUS_MOVE = YES;
				CLANG_WARN_UNREACHABLE_CODE = YES;
				CLANG_WARN__DUPLICATE_METHOD_MATCH = YES;
				"CODE_SIGN_IDENTITY[sdk=iphoneos*]" = "iPhone Developer";
				COPY_PHASE_STRIP = NO;
				DEBUG_INFORMATION_FORMAT = dwarf;
				ENABLE_STRICT_OBJC_MSGSEND = YES;
				ENABLE_TESTABILITY = YES;
				GCC_C_LANGUAGE_STANDARD = gnu99;
				GCC_DYNAMIC_NO_PIC = NO;
				GCC_NO_COMMON_BLOCKS = YES;
				GCC_OPTIMIZATION_LEVEL = 0;
				GCC_PREPROCESSOR_DEFINITIONS = (
					"DEBUG=1",
					"$(inherited)",
				);
				GCC_WARN_64_TO_32_BIT_CONVERSION = YES;
				GCC_WARN_ABOUT_RETURN_TYPE = YES_ERROR;
				GCC_WARN_UNDECLARED_SELECTOR = YES;
				GCC_WARN_UNINITIALIZED_AUTOS = YES_AGGRESSIVE;
				GCC_WARN_UNUSED_FUNCTION = YES;
				GCC_WARN_UNUSED_VARIABLE = YES;
				IPHONEOS_DEPLOYMENT_TARGET = 10.3;
				MTL_ENABLE_DEBUG_INFO = YES;
				ONLY_ACTIVE_ARCH = YES;
				SDKROOT = iphoneos;
				SWIFT_ACTIVE_COMPILATION_CONDITIONS = DEBUG;
				SWIFT_OPTIMIZATION_LEVEL = "-Onone";
				TARGETED_DEVICE_FAMILY = "1,2";
			};
			name = Debug;
		};
		7CCADDB31F634C5F00B1B7E2 /* Release */ = {
			isa = XCBuildConfiguration;
			buildSettings = {
				ALWAYS_SEARCH_USER_PATHS = NO;
				CLANG_ANALYZER_NONNULL = YES;
				CLANG_ANALYZER_NUMBER_OBJECT_CONVERSION = YES_AGGRESSIVE;
				CLANG_CXX_LANGUAGE_STANDARD = "gnu++0x";
				CLANG_CXX_LIBRARY = "libc++";
				CLANG_ENABLE_MODULES = YES;
				CLANG_ENABLE_OBJC_ARC = YES;
				CLANG_WARN_BOOL_CONVERSION = YES;
				CLANG_WARN_CONSTANT_CONVERSION = YES;
				CLANG_WARN_DIRECT_OBJC_ISA_USAGE = YES_ERROR;
				CLANG_WARN_DOCUMENTATION_COMMENTS = YES;
				CLANG_WARN_EMPTY_BODY = YES;
				CLANG_WARN_ENUM_CONVERSION = YES;
				CLANG_WARN_INFINITE_RECURSION = YES;
				CLANG_WARN_INT_CONVERSION = YES;
				CLANG_WARN_OBJC_ROOT_CLASS = YES_ERROR;
				CLANG_WARN_SUSPICIOUS_MOVE = YES;
				CLANG_WARN_UNREACHABLE_CODE = YES;
				CLANG_WARN__DUPLICATE_METHOD_MATCH = YES;
				"CODE_SIGN_IDENTITY[sdk=iphoneos*]" = "iPhone Developer";
				COPY_PHASE_STRIP = NO;
				DEBUG_INFORMATION_FORMAT = "dwarf-with-dsym";
				ENABLE_NS_ASSERTIONS = NO;
				ENABLE_STRICT_OBJC_MSGSEND = YES;
				GCC_C_LANGUAGE_STANDARD = gnu99;
				GCC_NO_COMMON_BLOCKS = YES;
				GCC_WARN_64_TO_32_BIT_CONVERSION = YES;
				GCC_WARN_ABOUT_RETURN_TYPE = YES_ERROR;
				GCC_WARN_UNDECLARED_SELECTOR = YES;
				GCC_WARN_UNINITIALIZED_AUTOS = YES_AGGRESSIVE;
				GCC_WARN_UNUSED_FUNCTION = YES;
				GCC_WARN_UNUSED_VARIABLE = YES;
				IPHONEOS_DEPLOYMENT_TARGET = 10.3;
				MTL_ENABLE_DEBUG_INFO = NO;
				SDKROOT = iphoneos;
				SWIFT_OPTIMIZATION_LEVEL = "-Owholemodule";
				TARGETED_DEVICE_FAMILY = "1,2";
				VALIDATE_PRODUCT = YES;
			};
			name = Release;
		};
		7CCADDB51F634C5F00B1B7E2 /* Debug */ = {
			isa = XCBuildConfiguration;
			buildSettings = {
				ASSETCATALOG_COMPILER_APPICON_NAME = AppIcon;
				DEVELOPMENT_TEAM = ZBWTNC9BAL;
				INFOPLIST_FILE = "The Danya App/Info.plist";
				LD_RUNPATH_SEARCH_PATHS = "$(inherited) @executable_path/Frameworks";
				PRODUCT_BUNDLE_IDENTIFIER = "com.GershyLev.The-Danya-App";
				PRODUCT_NAME = "$(TARGET_NAME)";
				SWIFT_VERSION = 3.0;
			};
			name = Debug;
		};
		7CCADDB61F634C5F00B1B7E2 /* Release */ = {
			isa = XCBuildConfiguration;
			buildSettings = {
				ASSETCATALOG_COMPILER_APPICON_NAME = AppIcon;
				DEVELOPMENT_TEAM = ZBWTNC9BAL;
				INFOPLIST_FILE = "The Danya App/Info.plist";
				LD_RUNPATH_SEARCH_PATHS = "$(inherited) @executable_path/Frameworks";
				PRODUCT_BUNDLE_IDENTIFIER = "com.GershyLev.The-Danya-App";
				PRODUCT_NAME = "$(TARGET_NAME)";
				SWIFT_VERSION = 3.0;
			};
			name = Release;
		};
/* End XCBuildConfiguration section */

/* Begin XCConfigurationList section */
		7CCADD9D1F634C5E00B1B7E2 /* Build configuration list for PBXProject "The Danya App" */ = {
			isa = XCConfigurationList;
			buildConfigurations = (
				7CCADDB21F634C5F00B1B7E2 /* Debug */,
				7CCADDB31F634C5F00B1B7E2 /* Release */,
			);
			defaultConfigurationIsVisible = 0;
			defaultConfigurationName = Release;
		};
		7CCADDB41F634C5F00B1B7E2 /* Build configuration list for PBXNativeTarget "The Danya App" */ = {
			isa = XCConfigurationList;
			buildConfigurations = (
				7CCADDB51F634C5F00B1B7E2 /* Debug */,
				7CCADDB61F634C5F00B1B7E2 /* Release */,
			);
			defaultConfigurationIsVisible = 0;
			defaultConfigurationName = Release;
		};
/* End XCConfigurationList section */
	};
	rootObject = 7CCADD9A1F634C5E00B1B7E2 /* Project object */;
}
